id: aff3ct_codes_CCSDS_Pseudo_Randomizer
label: CCSDS_Pseudo_Randomizer
category: '[aff3ct_codes]'

templates:
  imports: from gnuradio import aff3ct_codes
  make: aff3ct_codes.CCSDS_Pseudo_Randomizer(${length}, ${count}, ${bits_per_byte})

#  Make one 'parameters' list entry for every parameter you want settable from the GUI.
#     Keys include:
#     * id (makes the value accessible as keyname, e.g. in the make entry)
#     * label (label shown in the GUI)
#     * dtype (e.g. int, float, complex, byte, short, xxx_vector, ...)
#     * default
parameters:
-   id: length
    label: Shift Register Length
    dtype: int
    default: 7
    options: [7]
    option_labels: [7]
    hide: part
-   id: count
    label: Frame Length
    dtype: int
    default: 2048
    options: [2048 = Frame Length]
    option_labels: [2048]
    hide: part
-   id: bits_per_byte
    label: TBD
    dtype: int
    default: 1
    options: [1 = TBD]
    option_labels: [1]
    hide: part
#- id: ...
#  label: ...
#  dtype: ...

#  Make one 'inputs' list entry per input and one 'outputs' list entry per output.
#  Keys include:
#      * label (an identifier for the GUI)
#      * domain (optional - stream or message. Default is stream)
#      * dtype (e.g. int, float, complex, byte, short, xxx_vector, ...)
#      * vlen (optional - data stream vector length. Default is 1)
#      * optional (optional - set to 1 for optional inputs. Default is 0)
inputs:
- label: in
#  domain: ...
  dtype: float
#  vlen: ...
#  optional: ...

outputs:
- label: out
#  domain: ...
  dtype: float
#  vlen: ...
#  optional: ...

#  'file_format' specifies the version of the GRC yml format used in the file
#  and should usually not be changed.
file_format: 1
